# This file was autogenerated by Stack.
# You should not edit this file by hand.
# For more information, please see the documentation at:
#   https://docs.haskellstack.org/en/stable/lock_files

packages:
- completed:
    hackage: hakyll-4.12.5.2@sha256:435eec729639a4bf0d58f3c7c71929600f4130f10241275d5e7df856cc8aae90,8677
    pantry-tree:
      size: 7631
      sha256: bd0cbe9051fae2b109d4b8955fd55a710b61c5dfd8b132d444c72c8f9e65c855
  original:
    hackage: hakyll-4.12.5.2@sha256:435eec729639a4bf0d58f3c7c71929600f4130f10241275d5e7df856cc8aae90,8677
- completed:
    hackage: taggy-lens-0.1.2@sha256:091ca81d02bd3d7fb493dce0148e1a38f25eb178a1ebd751043a23239e5e3265,3009
    pantry-tree:
      size: 323
      sha256: 332730a4a17634a4d0948a68811e52bb9d5c61065181aed47aec6abd88c75871
  original:
    hackage: taggy-lens-0.1.2@sha256:091ca81d02bd3d7fb493dce0148e1a38f25eb178a1ebd751043a23239e5e3265,3009
- completed:
    hackage: taggy-0.2.1@sha256:7bc55ddba178971dc6052163597f0445a0a2b5b0ca0e84ce651d53d722e3c265,4662
    pantry-tree:
      size: 1667
      sha256: 0b3140ad52833bf8498da1bdc9745105128e109515a6102f87884c2d43b6f18d
  original:
    hackage: taggy-0.2.1@sha256:7bc55ddba178971dc6052163597f0445a0a2b5b0ca0e84ce651d53d722e3c265,4662
snapshots:
- completed:
    size: 523884
    url: https://raw.githubusercontent.com/commercialhaskell/stackage-snapshots/master/lts/14/4.yaml
    sha256: 16f24be248b42c9e16d59db84378836b1e7c239448a041cae46d32daffa45a8b
  original: lts-14.4
